# THIS IS AN AUTOGENERATED FILE. DO NOT EDIT THIS FILE DIRECTLY.
# yarn lockfile v1


fp-ts@^2.16.5:
  version "2.16.5"
  resolved "https://registry.yarnpkg.com/fp-ts/-/fp-ts-2.16.5.tgz#d79b97168aeafcf9612f18bbc017f513ecb20ac9"
  integrity sha512-N8T8PwMSeTKKtkm9lkj/zSTAnPC/aJIIrQhnHxxkL0KLsRCNUPANksJOlMXxcKKCo7H1ORP3No9EMD+fP0tsdA==
